
Microsoft Visual Studio Solution File, Format Version 12.00
# Visual Studio Version 16
VisualStudioVersion = 16.0.30225.117
MinimumVisualStudioVersion = 10.0.40219.1
Project("{FAE04EC0-301F-11D3-BF4B-00C04F79EFBC}") = "custom-sotn-app", "custom-sotn-app.csproj", "{C6DB94B2-B915-41C8-BC00-894B2B1330CD}"
EndProject
Global
	GlobalSection(SolutionConfigurationPlatforms) = preSolution
		Debug|Any CPU = Debug|Any CPU
		Release|Any CPU = Release|Any CPU
	EndGlobalSection
	GlobalSection(ProjectConfigurationPlatforms) = postSolution
		{C6DB94B2-B915-41C8-BC00-894B2B1330CD}.Debug|Any CPU.ActiveCfg = Debug|Any CPU
		{C6DB94B2-B915-41C8-BC00-894B2B1330CD}.Debug|Any CPU.Build.0 = Debug|Any CPU
		{C6DB94B2-B915-41C8-BC00-894B2B1330CD}.Release|Any CPU.ActiveCfg = Release|Any CPU
		{C6DB94B2-B915-41C8-BC00-894B2B1330CD}.Release|Any CPU.Build.0 = Release|Any CPU
	EndGlobalSection
	GlobalSection(SolutionProperties) = preSolution
		HideSolutionNode = FALSE
	EndGlobalSection
	GlobalSection(ExtensibilityGlobals) = postSolution
		SolutionGuid = {4BA6C278-1B4B-4E6C-822A-4725223133E4}
	EndGlobalSection
EndGlobal
